
Microsoft Visual Studio Solution File, Format Version 12.00
# Visual Studio Version 16
VisualStudioVersion = 16.0.32413.511
MinimumVisualStudioVersion = 10.0.40219.1
Project("{FAE04EC0-301F-11D3-BF4B-00C04F79EFBC}") = "ActionExample", "ActionExample\ActionExample.csproj", "{CC5084A0-1FF3-4FAC-83AE-956F490AB9A2}"
EndProject
Global
	GlobalSection(SolutionConfigurationPlatforms) = preSolution
		Debug|Any CPU = Debug|Any CPU
		Release|Any CPU = Release|Any CPU
	EndGlobalSection
	GlobalSection(ProjectConfigurationPlatforms) = postSolution
		{CC5084A0-1FF3-4FAC-83AE-956F490AB9A2}.Debug|Any CPU.ActiveCfg = Debug|Any CPU
		{CC5084A0-1FF3-4FAC-83AE-956F490AB9A2}.Debug|Any CPU.Build.0 = Debug|Any CPU
		{CC5084A0-1FF3-4FAC-83AE-956F490AB9A2}.Release|Any CPU.ActiveCfg = Release|Any CPU
		{CC5084A0-1FF3-4FAC-83AE-956F490AB9A2}.Release|Any CPU.Build.0 = Release|Any CPU
	EndGlobalSection
	GlobalSection(SolutionProperties) = preSolution
		HideSolutionNode = FALSE
	EndGlobalSection
	GlobalSection(ExtensibilityGlobals) = postSolution
		SolutionGuid = {6570B673-090F-4E29-9B0A-F07D2C4AF890}
	EndGlobalSection
EndGlobal
