
Microsoft Visual Studio Solution File, Format Version 12.00
# Visual Studio Version 16
VisualStudioVersion = 16.0.31729.503
MinimumVisualStudioVersion = 10.0.40219.1
Project("{FAE04EC0-301F-11D3-BF4B-00C04F79EFBC}") = "WorkerContracts", "WorkerContracts\WorkerContracts.csproj", "{BD7BCD9D-0730-4DBE-A303-BF5B98EAF37C}"
EndProject
Global
	GlobalSection(SolutionConfigurationPlatforms) = preSolution
		Debug|Any CPU = Debug|Any CPU
		Release|Any CPU = Release|Any CPU
	EndGlobalSection
	GlobalSection(ProjectConfigurationPlatforms) = postSolution
		{BD7BCD9D-0730-4DBE-A303-BF5B98EAF37C}.Debug|Any CPU.ActiveCfg = Debug|Any CPU
		{BD7BCD9D-0730-4DBE-A303-BF5B98EAF37C}.Debug|Any CPU.Build.0 = Debug|Any CPU
		{BD7BCD9D-0730-4DBE-A303-BF5B98EAF37C}.Release|Any CPU.ActiveCfg = Release|Any CPU
		{BD7BCD9D-0730-4DBE-A303-BF5B98EAF37C}.Release|Any CPU.Build.0 = Release|Any CPU
	EndGlobalSection
	GlobalSection(SolutionProperties) = preSolution
		HideSolutionNode = FALSE
	EndGlobalSection
	GlobalSection(ExtensibilityGlobals) = postSolution
		SolutionGuid = {DF6EC082-74F6-4A46-AA62-4DFB5FCF28DC}
	EndGlobalSection
EndGlobal
