
Microsoft Visual Studio Solution File, Format Version 12.00
# Visual Studio Version 16
VisualStudioVersion = 16.0.31729.503
MinimumVisualStudioVersion = 10.0.40219.1
Project("{FAE04EC0-301F-11D3-BF4B-00C04F79EFBC}") = "CotacaoDolar", "CotacaoDolar\CotacaoDolar.csproj", "{C1681531-F006-48A7-B2F1-D59327B09ECA}"
EndProject
Global
	GlobalSection(SolutionConfigurationPlatforms) = preSolution
		Debug|Any CPU = Debug|Any CPU
		Release|Any CPU = Release|Any CPU
	EndGlobalSection
	GlobalSection(ProjectConfigurationPlatforms) = postSolution
		{C1681531-F006-48A7-B2F1-D59327B09ECA}.Debug|Any CPU.ActiveCfg = Debug|Any CPU
		{C1681531-F006-48A7-B2F1-D59327B09ECA}.Debug|Any CPU.Build.0 = Debug|Any CPU
		{C1681531-F006-48A7-B2F1-D59327B09ECA}.Release|Any CPU.ActiveCfg = Release|Any CPU
		{C1681531-F006-48A7-B2F1-D59327B09ECA}.Release|Any CPU.Build.0 = Release|Any CPU
	EndGlobalSection
	GlobalSection(SolutionProperties) = preSolution
		HideSolutionNode = FALSE
	EndGlobalSection
	GlobalSection(ExtensibilityGlobals) = postSolution
		SolutionGuid = {6F4FE374-DFA4-49DC-A929-C1A9D1236C5F}
	EndGlobalSection
EndGlobal
