
Microsoft Visual Studio Solution File, Format Version 12.00
# Visual Studio Version 16
VisualStudioVersion = 16.0.31729.503
MinimumVisualStudioVersion = 10.0.40219.1
Project("{FAE04EC0-301F-11D3-BF4B-00C04F79EFBC}") = "UsingStringBuilder", "UsingStringBuilder\UsingStringBuilder.csproj", "{B9A45DFD-3487-4230-98A6-F06D174743A5}"
EndProject
Global
	GlobalSection(SolutionConfigurationPlatforms) = preSolution
		Debug|Any CPU = Debug|Any CPU
		Release|Any CPU = Release|Any CPU
	EndGlobalSection
	GlobalSection(ProjectConfigurationPlatforms) = postSolution
		{B9A45DFD-3487-4230-98A6-F06D174743A5}.Debug|Any CPU.ActiveCfg = Debug|Any CPU
		{B9A45DFD-3487-4230-98A6-F06D174743A5}.Debug|Any CPU.Build.0 = Debug|Any CPU
		{B9A45DFD-3487-4230-98A6-F06D174743A5}.Release|Any CPU.ActiveCfg = Release|Any CPU
		{B9A45DFD-3487-4230-98A6-F06D174743A5}.Release|Any CPU.Build.0 = Release|Any CPU
	EndGlobalSection
	GlobalSection(SolutionProperties) = preSolution
		HideSolutionNode = FALSE
	EndGlobalSection
	GlobalSection(ExtensibilityGlobals) = postSolution
		SolutionGuid = {9D812095-6B08-494C-89C9-6CC611E9B2D1}
	EndGlobalSection
EndGlobal
