
Microsoft Visual Studio Solution File, Format Version 12.00
# Visual Studio Version 16
VisualStudioVersion = 16.0.31729.503
MinimumVisualStudioVersion = 10.0.40219.1
Project("{FAE04EC0-301F-11D3-BF4B-00C04F79EFBC}") = "UsingClasses", "UsingClasses\UsingClasses.csproj", "{AE7EA70D-A181-410C-B9B3-62054DF8688E}"
EndProject
Global
	GlobalSection(SolutionConfigurationPlatforms) = preSolution
		Debug|Any CPU = Debug|Any CPU
		Release|Any CPU = Release|Any CPU
	EndGlobalSection
	GlobalSection(ProjectConfigurationPlatforms) = postSolution
		{AE7EA70D-A181-410C-B9B3-62054DF8688E}.Debug|Any CPU.ActiveCfg = Debug|Any CPU
		{AE7EA70D-A181-410C-B9B3-62054DF8688E}.Debug|Any CPU.Build.0 = Debug|Any CPU
		{AE7EA70D-A181-410C-B9B3-62054DF8688E}.Release|Any CPU.ActiveCfg = Release|Any CPU
		{AE7EA70D-A181-410C-B9B3-62054DF8688E}.Release|Any CPU.Build.0 = Release|Any CPU
	EndGlobalSection
	GlobalSection(SolutionProperties) = preSolution
		HideSolutionNode = FALSE
	EndGlobalSection
	GlobalSection(ExtensibilityGlobals) = postSolution
		SolutionGuid = {0D266587-24E6-4AFC-A3BF-D3E667043C2B}
	EndGlobalSection
EndGlobal
