
Microsoft Visual Studio Solution File, Format Version 12.00
# Visual Studio Version 16
VisualStudioVersion = 16.0.31729.503
MinimumVisualStudioVersion = 10.0.40219.1
Project("{FAE04EC0-301F-11D3-BF4B-00C04F79EFBC}") = "CalculoDoRaio", "CalculoDoRaio\CalculoDoRaio.csproj", "{200FD6D1-0E03-4E23-ADF9-C081FDFE8F13}"
EndProject
Global
	GlobalSection(SolutionConfigurationPlatforms) = preSolution
		Debug|Any CPU = Debug|Any CPU
		Release|Any CPU = Release|Any CPU
	EndGlobalSection
	GlobalSection(ProjectConfigurationPlatforms) = postSolution
		{200FD6D1-0E03-4E23-ADF9-C081FDFE8F13}.Debug|Any CPU.ActiveCfg = Debug|Any CPU
		{200FD6D1-0E03-4E23-ADF9-C081FDFE8F13}.Debug|Any CPU.Build.0 = Debug|Any CPU
		{200FD6D1-0E03-4E23-ADF9-C081FDFE8F13}.Release|Any CPU.ActiveCfg = Release|Any CPU
		{200FD6D1-0E03-4E23-ADF9-C081FDFE8F13}.Release|Any CPU.Build.0 = Release|Any CPU
	EndGlobalSection
	GlobalSection(SolutionProperties) = preSolution
		HideSolutionNode = FALSE
	EndGlobalSection
	GlobalSection(ExtensibilityGlobals) = postSolution
		SolutionGuid = {CDB33088-3ED5-49DF-916F-D59398048EFC}
	EndGlobalSection
EndGlobal
