
Microsoft Visual Studio Solution File, Format Version 12.00
# Visual Studio Version 16
VisualStudioVersion = 16.0.31729.503
MinimumVisualStudioVersion = 10.0.40219.1
Project("{FAE04EC0-301F-11D3-BF4B-00C04F79EFBC}") = "TryCatch", "TryCatch\TryCatch.csproj", "{898A44D8-95EE-41F8-8C82-783041BE9F53}"
EndProject
Global
	GlobalSection(SolutionConfigurationPlatforms) = preSolution
		Debug|Any CPU = Debug|Any CPU
		Release|Any CPU = Release|Any CPU
	EndGlobalSection
	GlobalSection(ProjectConfigurationPlatforms) = postSolution
		{898A44D8-95EE-41F8-8C82-783041BE9F53}.Debug|Any CPU.ActiveCfg = Debug|Any CPU
		{898A44D8-95EE-41F8-8C82-783041BE9F53}.Debug|Any CPU.Build.0 = Debug|Any CPU
		{898A44D8-95EE-41F8-8C82-783041BE9F53}.Release|Any CPU.ActiveCfg = Release|Any CPU
		{898A44D8-95EE-41F8-8C82-783041BE9F53}.Release|Any CPU.Build.0 = Release|Any CPU
	EndGlobalSection
	GlobalSection(SolutionProperties) = preSolution
		HideSolutionNode = FALSE
	EndGlobalSection
	GlobalSection(ExtensibilityGlobals) = postSolution
		SolutionGuid = {75DB4470-CCC2-43BB-BC8A-F72D4312BD4E}
	EndGlobalSection
EndGlobal
