
Microsoft Visual Studio Solution File, Format Version 12.00
# Visual Studio Version 16
VisualStudioVersion = 16.0.31729.503
MinimumVisualStudioVersion = 10.0.40219.1
Project("{FAE04EC0-301F-11D3-BF4B-00C04F79EFBC}") = "Pensionato", "Pensionato\Pensionato.csproj", "{FD991438-E51A-495A-BD8C-ED8BF85749CF}"
EndProject
Global
	GlobalSection(SolutionConfigurationPlatforms) = preSolution
		Debug|Any CPU = Debug|Any CPU
		Release|Any CPU = Release|Any CPU
	EndGlobalSection
	GlobalSection(ProjectConfigurationPlatforms) = postSolution
		{FD991438-E51A-495A-BD8C-ED8BF85749CF}.Debug|Any CPU.ActiveCfg = Debug|Any CPU
		{FD991438-E51A-495A-BD8C-ED8BF85749CF}.Debug|Any CPU.Build.0 = Debug|Any CPU
		{FD991438-E51A-495A-BD8C-ED8BF85749CF}.Release|Any CPU.ActiveCfg = Release|Any CPU
		{FD991438-E51A-495A-BD8C-ED8BF85749CF}.Release|Any CPU.Build.0 = Release|Any CPU
	EndGlobalSection
	GlobalSection(SolutionProperties) = preSolution
		HideSolutionNode = FALSE
	EndGlobalSection
	GlobalSection(ExtensibilityGlobals) = postSolution
		SolutionGuid = {0530386B-6AC4-4C5B-91F7-E26EA0FDB80A}
	EndGlobalSection
EndGlobal
