
Microsoft Visual Studio Solution File, Format Version 12.00
# Visual Studio Version 16
VisualStudioVersion = 16.0.31729.503
MinimumVisualStudioVersion = 10.0.40219.1
Project("{FAE04EC0-301F-11D3-BF4B-00C04F79EFBC}") = "LearningLists", "LearningLists\LearningLists.csproj", "{E041B47D-88B1-46D3-8EF1-5AECAE25F748}"
EndProject
Global
	GlobalSection(SolutionConfigurationPlatforms) = preSolution
		Debug|Any CPU = Debug|Any CPU
		Release|Any CPU = Release|Any CPU
	EndGlobalSection
	GlobalSection(ProjectConfigurationPlatforms) = postSolution
		{E041B47D-88B1-46D3-8EF1-5AECAE25F748}.Debug|Any CPU.ActiveCfg = Debug|Any CPU
		{E041B47D-88B1-46D3-8EF1-5AECAE25F748}.Debug|Any CPU.Build.0 = Debug|Any CPU
		{E041B47D-88B1-46D3-8EF1-5AECAE25F748}.Release|Any CPU.ActiveCfg = Release|Any CPU
		{E041B47D-88B1-46D3-8EF1-5AECAE25F748}.Release|Any CPU.Build.0 = Release|Any CPU
	EndGlobalSection
	GlobalSection(SolutionProperties) = preSolution
		HideSolutionNode = FALSE
	EndGlobalSection
	GlobalSection(ExtensibilityGlobals) = postSolution
		SolutionGuid = {076A9258-430B-499B-8E87-F1979384151E}
	EndGlobalSection
EndGlobal
